{
  "name": "concurrent-writes",
  "version": "1.0.0",
  "lockfileVersion": 3,
  "requires": true,
  "packages": {
    "": {
      "name": "concurrent-writes",
      "version": "1.0.0",
      "license": "ISC",
      "dependencies": {
        "@tursodatabase/database": "0.5.0-pre.17"
      }
    },
    "node_modules/@tursodatabase/database": {
      "version": "0.5.0-pre.17",
      "resolved": "https://registry.npmjs.org/@tursodatabase/database/-/database-0.5.0-pre.17.tgz",
      "integrity": "sha512-3bgylAyiYB9m42urP7RTRsyYAJzEmwF6omAmpgU2S3ASgoPJw1txzhkoFXxLCDRjds1xVC0AMSXQMD4emMqmww==",
      "license": "MIT",
      "dependencies": {
        "@tursodatabase/database-common": "^0.5.0-pre.17"
      },
      "optionalDependencies": {
        "@tursodatabase/database-darwin-arm64": "0.5.0-pre.17",
        "@tursodatabase/database-linux-arm64-gnu": "0.5.0-pre.17",
        "@tursodatabase/database-linux-x64-gnu": "0.5.0-pre.17",
        "@tursodatabase/database-win32-x64-msvc": "0.5.0-pre.17"
      }
    },
    "node_modules/@tursodatabase/database-common": {
      "version": "0.5.0-pre.17",
      "resolved": "https://registry.npmjs.org/@tursodatabase/database-common/-/database-common-0.5.0-pre.17.tgz",
      "integrity": "sha512-oYxoFtqey3sofmMx3s0u3ViaV5xbEF2MyN2B2gwNlbqw5peAD9MwK03THO3BqxOwhhKp3yvk6wGDtOHpOnUTVw==",
      "license": "MIT"
    },
    "node_modules/@tursodatabase/database-darwin-arm64": {
      "version": "0.5.0-pre.17",
      "resolved": "https://registry.npmjs.org/@tursodatabase/database-darwin-arm64/-/database-darwin-arm64-0.5.0-pre.17.tgz",
      "integrity": "sha512-jsojwflTuvWiKvuHP/FxjBqJETFG2AJ96JOPyVHXhHFndtbhfz9NI4B1pGg1Rq4QZeP7x3Tj55SMz8ReoqKxGg==",
      "cpu": [
        "arm64"
      ],
      "license": "MIT",
      "optional": true,
      "os": [
        "darwin"
      ]
    },
    "node_modules/@tursodatabase/database-linux-arm64-gnu": {
      "version": "0.5.0-pre.17",
      "resolved": "https://registry.npmjs.org/@tursodatabase/database-linux-arm64-gnu/-/database-linux-arm64-gnu-0.5.0-pre.17.tgz",
      "integrity": "sha512-dEAUnjAH6W74msBxbX53hXlEMUYXGnbrBadxATRZQJxdSjZGIwDFDOQAShisXUF2R5GFwCzYbCFGt+J/HHqN9w==",
      "cpu": [
        "arm64"
      ],
      "license": "MIT",
      "optional": true,
      "os": [
        "linux"
      ]
    },
    "node_modules/@tursodatabase/database-linux-x64-gnu": {
      "version": "0.5.0-pre.17",
      "resolved": "https://registry.npmjs.org/@tursodatabase/database-linux-x64-gnu/-/database-linux-x64-gnu-0.5.0-pre.17.tgz",
      "integrity": "sha512-YAIcBsjo12qWc/aVhSlDpV+t/7L0TnhQixCVxHHsPk5PXs+TycZsJWbjKMjcIPkrL+AGEE7S/tBhbrO9iCgFYQ==",
      "cpu": [
        "x64"
      ],
      "license": "MIT",
      "optional": true,
      "os": [
        "linux"
      ]
    },
    "node_modules/@tursodatabase/database-win32-x64-msvc": {
      "version": "0.5.0-pre.17",
      "resolved": "https://registry.npmjs.org/@tursodatabase/database-win32-x64-msvc/-/database-win32-x64-msvc-0.5.0-pre.17.tgz",
      "integrity": "sha512-TYVC2PMvIck+KamwFrsxRnHe4IAch6499iBC4gjF7+1EkyXb4/mtqyYZWtMKeXO537c5pC+bbn3z+jH1p0ExBA==",
      "cpu": [
        "x64"
      ],
      "license": "MIT",
      "optional": true,
      "os": [
        "win32"
      ]
    }
  }
}
