{
  "name": "encryption",
  "version": "1.0.0",
  "lockfileVersion": 3,
  "requires": true,
  "packages": {
    "": {
      "name": "encryption",
      "version": "1.0.0",
      "license": "ISC",
      "dependencies": {
        "@tursodatabase/database": "^0.4.3"
      }
    },
    "node_modules/@tursodatabase/database": {
      "version": "0.4.3",
      "resolved": "https://registry.npmjs.org/@tursodatabase/database/-/database-0.4.3.tgz",
      "integrity": "sha512-AyuvJQv55vZTgLjnMMdBznOxT2twwb7azO9iTSAbngedEm87XpFkTmpKIne7t33OSpMVG4H/3qfEcDvLdHSCcA==",
      "license": "MIT",
      "dependencies": {
        "@tursodatabase/database-common": "^0.4.3"
      },
      "optionalDependencies": {
        "@tursodatabase/database-darwin-arm64": "0.4.3",
        "@tursodatabase/database-linux-arm64-gnu": "0.4.3",
        "@tursodatabase/database-linux-x64-gnu": "0.4.3",
        "@tursodatabase/database-win32-x64-msvc": "0.4.3"
      }
    },
    "node_modules/@tursodatabase/database-common": {
      "version": "0.4.3",
      "resolved": "https://registry.npmjs.org/@tursodatabase/database-common/-/database-common-0.4.3.tgz",
      "integrity": "sha512-Eck8V42CrPkASN3Z9xrx77bPWYwVfZwoHvhXlH9hEY2SABBWmPTtgBxrhu6nWanlvfobxR/qxU7q5QziSLUIAw==",
      "license": "MIT"
    },
    "node_modules/@tursodatabase/database-darwin-arm64": {
      "version": "0.4.3",
      "resolved": "https://registry.npmjs.org/@tursodatabase/database-darwin-arm64/-/database-darwin-arm64-0.4.3.tgz",
      "integrity": "sha512-+YPBGkpTo7+EA/2xjpUpRvHw2b/Iiw1fnFJL25u2FZWNlq9CwR8nRERb/yXYJcysKMS7r/CQPty34LvbTuU1Cg==",
      "cpu": [
        "arm64"
      ],
      "license": "MIT",
      "optional": true,
      "os": [
        "darwin"
      ]
    },
    "node_modules/@tursodatabase/database-linux-arm64-gnu": {
      "version": "0.4.3",
      "resolved": "https://registry.npmjs.org/@tursodatabase/database-linux-arm64-gnu/-/database-linux-arm64-gnu-0.4.3.tgz",
      "integrity": "sha512-G8Lwe2liC1PmZ2Uyl++y71DJOaPTTdyFfLjH44jO2gyBBRinAUHgk+NMBmDeSJ2ywaiwnJAOd5bj5lPZUMty9w==",
      "cpu": [
        "arm64"
      ],
      "license": "MIT",
      "optional": true,
      "os": [
        "linux"
      ]
    },
    "node_modules/@tursodatabase/database-linux-x64-gnu": {
      "version": "0.4.3",
      "resolved": "https://registry.npmjs.org/@tursodatabase/database-linux-x64-gnu/-/database-linux-x64-gnu-0.4.3.tgz",
      "integrity": "sha512-DYKOv1Cmeyuop/UEHLJN9xQQpIRj2/SgCzT3n/NGD2pFtpHLmEnWoIRywX4DSiZJtTnf4Oy9hTZsO3W7La4BjQ==",
      "cpu": [
        "x64"
      ],
      "license": "MIT",
      "optional": true,
      "os": [
        "linux"
      ]
    },
    "node_modules/@tursodatabase/database-win32-x64-msvc": {
      "version": "0.4.3",
      "resolved": "https://registry.npmjs.org/@tursodatabase/database-win32-x64-msvc/-/database-win32-x64-msvc-0.4.3.tgz",
      "integrity": "sha512-mGLYSVnNtUm5zFwclSJwjEqGjbTlExe/JAHsEOu60Y9nnGmp6Yf/yIZqg7E3VvWaNyLVc/uU3TtyzgLOfID/fQ==",
      "cpu": [
        "x64"
      ],
      "license": "MIT",
      "optional": true,
      "os": [
        "win32"
      ]
    }
  }
}
