# THIS IS AN AUTOGENERATED FILE. DO NOT EDIT THIS FILE DIRECTLY.
# yarn lockfile v1


"@babel/code-frame@^7.10.4":
  version "7.29.0"
  dependencies:
    "@babel/helper-validator-identifier" "^7.28.5"
    js-tokens "^4.0.0"
    picocolors "^1.1.1"

"@babel/helper-validator-identifier@^7.28.5":
  version "7.28.5"

"@babel/runtime@^7.12.5":
  version "7.29.2"

"@drizzle-team/brocli@^0.10.2":
  version "0.10.2"

"@emnapi/core@^1.5.0", "@emnapi/core@1.8.1":
  version "1.8.1"
  dependencies:
    "@emnapi/wasi-threads" "1.1.0"
    tslib "^2.4.0"

"@emnapi/runtime@^1.5.0", "@emnapi/runtime@1.8.1":
  version "1.8.1"
  dependencies:
    tslib "^2.4.0"

"@emnapi/runtime@^1.7.1":
  version "1.8.1"
  dependencies:
    tslib "^2.4.0"

"@emnapi/wasi-threads@1.1.0":
  version "1.1.0"
  dependencies:
    tslib "^2.4.0"

"@esbuild-kit/core-utils@^3.3.2":
  version "3.3.2"
  dependencies:
    esbuild "~0.18.20"
    source-map-support "^0.5.21"

"@esbuild-kit/esm-loader@^2.5.5":
  version "2.6.5"
  dependencies:
    "@esbuild-kit/core-utils" "^3.3.2"
    get-tsconfig "^4.7.0"

"@inquirer/ansi@^2.0.5":
  version "2.0.5"

"@inquirer/checkbox@^5.1.3":
  version "5.1.3"
  dependencies:
    "@inquirer/ansi" "^2.0.5"
    "@inquirer/core" "^11.1.8"
    "@inquirer/figures" "^2.0.5"
    "@inquirer/type" "^4.0.5"

"@inquirer/confirm@^6.0.11":
  version "6.0.11"
  dependencies:
    "@inquirer/core" "^11.1.8"
    "@inquirer/type" "^4.0.5"

"@inquirer/core@^11.1.8":
  version "11.1.8"
  dependencies:
    "@inquirer/ansi" "^2.0.5"
    "@inquirer/figures" "^2.0.5"
    "@inquirer/type" "^4.0.5"
    cli-width "^4.1.0"
    fast-wrap-ansi "^0.2.0"
    mute-stream "^3.0.0"
    signal-exit "^4.1.0"

"@inquirer/editor@^5.1.0":
  version "5.1.0"
  dependencies:
    "@inquirer/core" "^11.1.8"
    "@inquirer/external-editor" "^3.0.0"
    "@inquirer/type" "^4.0.5"

"@inquirer/expand@^5.0.12":
  version "5.0.12"
  dependencies:
    "@inquirer/core" "^11.1.8"
    "@inquirer/type" "^4.0.5"

"@inquirer/external-editor@^3.0.0":
  version "3.0.0"
  dependencies:
    chardet "^2.1.1"
    iconv-lite "^0.7.2"

"@inquirer/figures@^2.0.5":
  version "2.0.5"

"@inquirer/input@^5.0.11":
  version "5.0.11"
  dependencies:
    "@inquirer/core" "^11.1.8"
    "@inquirer/type" "^4.0.5"

"@inquirer/number@^4.0.11":
  version "4.0.11"
  dependencies:
    "@inquirer/core" "^11.1.8"
    "@inquirer/type" "^4.0.5"

"@inquirer/password@^5.0.11":
  version "5.0.11"
  dependencies:
    "@inquirer/ansi" "^2.0.5"
    "@inquirer/core" "^11.1.8"
    "@inquirer/type" "^4.0.5"

"@inquirer/prompts@^8.0.0":
  version "8.4.1"
  dependencies:
    "@inquirer/checkbox" "^5.1.3"
    "@inquirer/confirm" "^6.0.11"
    "@inquirer/editor" "^5.1.0"
    "@inquirer/expand" "^5.0.12"
    "@inquirer/input" "^5.0.11"
    "@inquirer/number" "^4.0.11"
    "@inquirer/password" "^5.0.11"
    "@inquirer/rawlist" "^5.2.7"
    "@inquirer/search" "^4.1.7"
    "@inquirer/select" "^5.1.3"

"@inquirer/rawlist@^5.2.7":
  version "5.2.7"
  dependencies:
    "@inquirer/core" "^11.1.8"
    "@inquirer/type" "^4.0.5"

"@inquirer/search@^4.1.7":
  version "4.1.7"
  dependencies:
    "@inquirer/core" "^11.1.8"
    "@inquirer/figures" "^2.0.5"
    "@inquirer/type" "^4.0.5"

"@inquirer/select@^5.1.3":
  version "5.1.3"
  dependencies:
    "@inquirer/ansi" "^2.0.5"
    "@inquirer/core" "^11.1.8"
    "@inquirer/figures" "^2.0.5"
    "@inquirer/type" "^4.0.5"

"@inquirer/type@^4.0.5":
  version "4.0.5"

"@jridgewell/sourcemap-codec@^1.5.5":
  version "1.5.5"

"@napi-rs/cli@^3.1.5":
  version "3.6.2"
  dependencies:
    "@inquirer/prompts" "^8.0.0"
    "@napi-rs/cross-toolchain" "^1.0.3"
    "@napi-rs/wasm-tools" "^1.0.1"
    "@octokit/rest" "^22.0.1"
    clipanion "^4.0.0-rc.4"
    colorette "^2.0.20"
    emnapi "^1.9.1"
    es-toolkit "^1.41.0"
    js-yaml "^4.1.0"
    obug "^2.0.0"
    semver "^7.7.3"
    typanion "^3.14.0"

"@napi-rs/cross-toolchain@^1.0.3":
  version "1.0.3"
  dependencies:
    "@napi-rs/lzma" "^1.4.5"
    "@napi-rs/tar" "^1.1.0"
    debug "^4.4.1"

"@napi-rs/lzma@^1.4.5":
  version "1.4.5"
  optionalDependencies:
    "@napi-rs/lzma-android-arm-eabi" "1.4.5"
    "@napi-rs/lzma-android-arm64" "1.4.5"
    "@napi-rs/lzma-darwin-arm64" "1.4.5"
    "@napi-rs/lzma-darwin-x64" "1.4.5"
    "@napi-rs/lzma-freebsd-x64" "1.4.5"
    "@napi-rs/lzma-linux-arm-gnueabihf" "1.4.5"
    "@napi-rs/lzma-linux-arm64-gnu" "1.4.5"
    "@napi-rs/lzma-linux-arm64-musl" "1.4.5"
    "@napi-rs/lzma-linux-ppc64-gnu" "1.4.5"
    "@napi-rs/lzma-linux-riscv64-gnu" "1.4.5"
    "@napi-rs/lzma-linux-s390x-gnu" "1.4.5"
    "@napi-rs/lzma-linux-x64-gnu" "1.4.5"
    "@napi-rs/lzma-linux-x64-musl" "1.4.5"
    "@napi-rs/lzma-wasm32-wasi" "1.4.5"
    "@napi-rs/lzma-win32-arm64-msvc" "1.4.5"
    "@napi-rs/lzma-win32-ia32-msvc" "1.4.5"
    "@napi-rs/lzma-win32-x64-msvc" "1.4.5"

"@napi-rs/tar@^1.1.0":
  version "1.1.0"
  optionalDependencies:
    "@napi-rs/tar-android-arm-eabi" "1.1.0"
    "@napi-rs/tar-android-arm64" "1.1.0"
    "@napi-rs/tar-darwin-arm64" "1.1.0"
    "@napi-rs/tar-darwin-x64" "1.1.0"
    "@napi-rs/tar-freebsd-x64" "1.1.0"
    "@napi-rs/tar-linux-arm-gnueabihf" "1.1.0"
    "@napi-rs/tar-linux-arm64-gnu" "1.1.0"
    "@napi-rs/tar-linux-arm64-musl" "1.1.0"
    "@napi-rs/tar-linux-ppc64-gnu" "1.1.0"
    "@napi-rs/tar-linux-s390x-gnu" "1.1.0"
    "@napi-rs/tar-linux-x64-gnu" "1.1.0"
    "@napi-rs/tar-linux-x64-musl" "1.1.0"
    "@napi-rs/tar-wasm32-wasi" "1.1.0"
    "@napi-rs/tar-win32-arm64-msvc" "1.1.0"
    "@napi-rs/tar-win32-ia32-msvc" "1.1.0"
    "@napi-rs/tar-win32-x64-msvc" "1.1.0"

"@napi-rs/wasm-runtime@1.0.7":
  version "1.0.7"
  dependencies:
    "@emnapi/core" "^1.5.0"
    "@emnapi/runtime" "^1.5.0"
    "@tybys/wasm-util" "^0.10.1"

"@napi-rs/wasm-tools@^1.0.1":
  version "1.0.1"
  optionalDependencies:
    "@napi-rs/wasm-tools-android-arm-eabi" "1.0.1"
    "@napi-rs/wasm-tools-android-arm64" "1.0.1"
    "@napi-rs/wasm-tools-darwin-arm64" "1.0.1"
    "@napi-rs/wasm-tools-darwin-x64" "1.0.1"
    "@napi-rs/wasm-tools-freebsd-x64" "1.0.1"
    "@napi-rs/wasm-tools-linux-arm64-gnu" "1.0.1"
    "@napi-rs/wasm-tools-linux-arm64-musl" "1.0.1"
    "@napi-rs/wasm-tools-linux-x64-gnu" "1.0.1"
    "@napi-rs/wasm-tools-linux-x64-musl" "1.0.1"
    "@napi-rs/wasm-tools-wasm32-wasi" "1.0.1"
    "@napi-rs/wasm-tools-win32-arm64-msvc" "1.0.1"
    "@napi-rs/wasm-tools-win32-ia32-msvc" "1.0.1"
    "@napi-rs/wasm-tools-win32-x64-msvc" "1.0.1"

"@octokit/auth-token@^6.0.0":
  version "6.0.0"

"@octokit/core@^7.0.6", "@octokit/core@>=6":
  version "7.0.6"
  dependencies:
    "@octokit/auth-token" "^6.0.0"
    "@octokit/graphql" "^9.0.3"
    "@octokit/request" "^10.0.6"
    "@octokit/request-error" "^7.0.2"
    "@octokit/types" "^16.0.0"
    before-after-hook "^4.0.0"
    universal-user-agent "^7.0.0"

"@octokit/endpoint@^11.0.3":
  version "11.0.3"
  dependencies:
    "@octokit/types" "^16.0.0"
    universal-user-agent "^7.0.2"

"@octokit/graphql@^9.0.3":
  version "9.0.3"
  dependencies:
    "@octokit/request" "^10.0.6"
    "@octokit/types" "^16.0.0"
    universal-user-agent "^7.0.0"

"@octokit/openapi-types@^27.0.0":
  version "27.0.0"

"@octokit/plugin-paginate-rest@^14.0.0":
  version "14.0.0"
  dependencies:
    "@octokit/types" "^16.0.0"

"@octokit/plugin-request-log@^6.0.0":
  version "6.0.0"

"@octokit/plugin-rest-endpoint-methods@^17.0.0":
  version "17.0.0"
  dependencies:
    "@octokit/types" "^16.0.0"

"@octokit/request-error@^7.0.2":
  version "7.1.0"
  dependencies:
    "@octokit/types" "^16.0.0"

"@octokit/request@^10.0.6":
  version "10.0.8"
  dependencies:
    "@octokit/endpoint" "^11.0.3"
    "@octokit/request-error" "^7.0.2"
    "@octokit/types" "^16.0.0"
    fast-content-type-parse "^3.0.0"
    json-with-bigint "^3.5.3"
    universal-user-agent "^7.0.2"

"@octokit/rest@^22.0.1":
  version "22.0.1"
  dependencies:
    "@octokit/core" "^7.0.6"
    "@octokit/plugin-paginate-rest" "^14.0.0"
    "@octokit/plugin-request-log" "^6.0.0"
    "@octokit/plugin-rest-endpoint-methods" "^17.0.0"

"@octokit/types@^16.0.0":
  version "16.0.0"
  dependencies:
    "@octokit/openapi-types" "^27.0.0"

"@polka/url@^1.0.0-next.24":
  version "1.0.0-next.29"

"@testing-library/dom@^10.4.0", "@testing-library/dom@>=7.21.4":
  version "10.4.1"
  dependencies:
    "@babel/code-frame" "^7.10.4"
    "@babel/runtime" "^7.12.5"
    "@types/aria-query" "^5.0.1"
    aria-query "5.3.0"
    dom-accessibility-api "^0.5.9"
    lz-string "^1.5.0"
    picocolors "1.1.1"
    pretty-format "^27.0.2"

"@testing-library/user-event@^14.6.1":
  version "14.6.1"

"@tursodatabase/database-common@^0.6.0-pre.21", "@tursodatabase/database-common@file:C:\\Users\\hp pro\\turso\\bindings\\javascript\\packages\\common":
  version "0.6.0-pre.21"
  resolved "file:packages/common"

"@tursodatabase/database-wasm-common@^0.6.0-pre.21", "@tursodatabase/database-wasm-common@file:C:\\Users\\hp pro\\turso\\bindings\\javascript\\packages\\wasm-common":
  version "0.6.0-pre.21"
  resolved "file:packages/wasm-common"
  dependencies:
    "@emnapi/core" "1.8.1"
    "@emnapi/runtime" "1.8.1"
    "@napi-rs/wasm-runtime" "1.0.7"

"@tursodatabase/database-wasm@file:C:\\Users\\hp pro\\turso\\bindings\\javascript\\packages\\wasm":
  version "0.6.0-pre.21"
  resolved "file:packages/wasm"
  dependencies:
    "@tursodatabase/database-common" "^0.6.0-pre.21"
    "@tursodatabase/database-wasm-common" "^0.6.0-pre.21"

"@tursodatabase/database@file:C:\\Users\\hp pro\\turso\\bindings\\javascript\\packages\\native":
  version "0.6.0-pre.21"
  resolved "file:packages/native"
  dependencies:
    "@tursodatabase/database-common" "^0.6.0-pre.21"

"@tursodatabase/serverless@^0.2.2":
  version "0.2.4"

"@tursodatabase/sync-common@^0.6.0-pre.21", "@tursodatabase/sync-common@file:C:\\Users\\hp pro\\turso\\bindings\\javascript\\sync\\packages\\common":
  version "0.6.0-pre.21"
  resolved "file:sync/packages/common"
  dependencies:
    "@tursodatabase/database-common" "^0.6.0-pre.21"
    "@tursodatabase/serverless" "^0.2.2"

"@tursodatabase/sync-wasm@file:C:\\Users\\hp pro\\turso\\bindings\\javascript\\sync\\packages\\wasm":
  version "0.6.0-pre.21"
  resolved "file:sync/packages/wasm"
  dependencies:
    "@tursodatabase/database-common" "^0.6.0-pre.21"
    "@tursodatabase/database-wasm-common" "^0.6.0-pre.21"
    "@tursodatabase/sync-common" "^0.6.0-pre.21"

"@tursodatabase/sync@file:C:\\Users\\hp pro\\turso\\bindings\\javascript\\sync\\packages\\native":
  version "0.6.0-pre.21"
  resolved "file:sync/packages/native"
  dependencies:
    "@tursodatabase/database-common" "^0.6.0-pre.21"
    "@tursodatabase/sync-common" "^0.6.0-pre.21"

"@tybys/wasm-util@^0.10.1":
  version "0.10.1"
  dependencies:
    tslib "^2.4.0"

"@types/aria-query@^5.0.1":
  version "5.0.4"

"@types/chai@^5.2.2":
  version "5.2.3"
  dependencies:
    "@types/deep-eql" "*"
    assertion-error "^2.0.1"

"@types/deep-eql@*":
  version "4.0.2"

"@types/estree@^1.0.0", "@types/estree@1.0.8":
  version "1.0.8"

"@types/node@^18.0.0 || ^20.0.0 || >=22.0.0", "@types/node@^20.19.0 || >=22.12.0", "@types/node@^24.3.1", "@types/node@>=18":
  version "24.12.2"
  dependencies:
    undici-types "~7.16.0"

"@vitest/browser@^3.2.4", "@vitest/browser@3.2.4":
  version "3.2.4"
  dependencies:
    "@testing-library/dom" "^10.4.0"
    "@testing-library/user-event" "^14.6.1"
    "@vitest/mocker" "3.2.4"
    "@vitest/utils" "3.2.4"
    magic-string "^0.30.17"
    sirv "^3.0.1"
    tinyrainbow "^2.0.0"
    ws "^8.18.2"

"@vitest/expect@3.2.4":
  version "3.2.4"
  dependencies:
    "@types/chai" "^5.2.2"
    "@vitest/spy" "3.2.4"
    "@vitest/utils" "3.2.4"
    chai "^5.2.0"
    tinyrainbow "^2.0.0"

"@vitest/mocker@3.2.4":
  version "3.2.4"
  dependencies:
    "@vitest/spy" "3.2.4"
    estree-walker "^3.0.3"
    magic-string "^0.30.17"

"@vitest/pretty-format@^3.2.4", "@vitest/pretty-format@3.2.4":
  version "3.2.4"
  dependencies:
    tinyrainbow "^2.0.0"

"@vitest/runner@3.2.4":
  version "3.2.4"
  dependencies:
    "@vitest/utils" "3.2.4"
    pathe "^2.0.3"
    strip-literal "^3.0.0"

"@vitest/snapshot@3.2.4":
  version "3.2.4"
  dependencies:
    "@vitest/pretty-format" "3.2.4"
    magic-string "^0.30.17"
    pathe "^2.0.3"

"@vitest/spy@3.2.4":
  version "3.2.4"
  dependencies:
    tinyspy "^4.0.3"

"@vitest/utils@3.2.4":
  version "3.2.4"
  dependencies:
    "@vitest/pretty-format" "3.2.4"
    loupe "^3.1.4"
    tinyrainbow "^2.0.0"

ansi-regex@^5.0.1:
  version "5.0.1"

ansi-styles@^5.0.0:
  version "5.2.0"

argparse@^2.0.1:
  version "2.0.1"

aria-query@5.3.0:
  version "5.3.0"
  dependencies:
    dequal "^2.0.3"

assertion-error@^2.0.1:
  version "2.0.1"

base64-js@^1.3.1:
  version "1.5.1"

before-after-hook@^4.0.0:
  version "4.0.0"

better-sqlite3@^12.2.0, better-sqlite3@>=7:
  version "12.9.0"
  dependencies:
    bindings "^1.5.0"
    prebuild-install "^7.1.1"

bindings@^1.5.0:
  version "1.5.0"
  dependencies:
    file-uri-to-path "1.0.0"

bl@^4.0.3:
  version "4.1.0"
  dependencies:
    buffer "^5.5.0"
    inherits "^2.0.4"
    readable-stream "^3.4.0"

buffer-from@^1.0.0:
  version "1.1.2"

buffer@^5.5.0:
  version "5.7.1"
  dependencies:
    base64-js "^1.3.1"
    ieee754 "^1.1.13"

cac@^6.7.14:
  version "6.7.14"

chai@^5.2.0:
  version "5.3.3"
  dependencies:
    assertion-error "^2.0.1"
    check-error "^2.1.1"
    deep-eql "^5.0.1"
    loupe "^3.1.0"
    pathval "^2.0.0"

chardet@^2.1.1:
  version "2.1.1"

check-error@^2.1.1:
  version "2.1.3"

chownr@^1.1.1:
  version "1.1.4"

cli-width@^4.1.0:
  version "4.1.0"

clipanion@^4.0.0-rc.4:
  version "4.0.0-rc.4"
  dependencies:
    typanion "^3.8.0"

colorette@^2.0.20:
  version "2.0.20"

debug@^4.4.1:
  version "4.4.3"
  dependencies:
    ms "^2.1.3"

decompress-response@^6.0.0:
  version "6.0.0"
  dependencies:
    mimic-response "^3.1.0"

deep-eql@^5.0.1:
  version "5.0.2"

deep-extend@^0.6.0:
  version "0.6.0"

dequal@^2.0.3:
  version "2.0.3"

detect-libc@^2.0.0:
  version "2.1.2"

dom-accessibility-api@^0.5.9:
  version "0.5.16"

drizzle-kit@^0.31.4:
  version "0.31.10"
  dependencies:
    "@drizzle-team/brocli" "^0.10.2"
    "@esbuild-kit/esm-loader" "^2.5.5"
    esbuild "^0.25.4"
    tsx "^4.21.0"

drizzle-orm@^0.45.2:
  version "0.45.2"

emnapi@^1.9.1:
  version "1.10.0"

end-of-stream@^1.1.0, end-of-stream@^1.4.1:
  version "1.4.5"
  dependencies:
    once "^1.4.0"

es-module-lexer@^1.7.0:
  version "1.7.0"

es-toolkit@^1.41.0:
  version "1.45.1"

esbuild@^0.25.4:
  version "0.25.12"
  optionalDependencies:
    "@esbuild/aix-ppc64" "0.25.12"
    "@esbuild/android-arm" "0.25.12"
    "@esbuild/android-arm64" "0.25.12"
    "@esbuild/android-x64" "0.25.12"
    "@esbuild/darwin-arm64" "0.25.12"
    "@esbuild/darwin-x64" "0.25.12"
    "@esbuild/freebsd-arm64" "0.25.12"
    "@esbuild/freebsd-x64" "0.25.12"
    "@esbuild/linux-arm" "0.25.12"
    "@esbuild/linux-arm64" "0.25.12"
    "@esbuild/linux-ia32" "0.25.12"
    "@esbuild/linux-loong64" "0.25.12"
    "@esbuild/linux-mips64el" "0.25.12"
    "@esbuild/linux-ppc64" "0.25.12"
    "@esbuild/linux-riscv64" "0.25.12"
    "@esbuild/linux-s390x" "0.25.12"
    "@esbuild/linux-x64" "0.25.12"
    "@esbuild/netbsd-arm64" "0.25.12"
    "@esbuild/netbsd-x64" "0.25.12"
    "@esbuild/openbsd-arm64" "0.25.12"
    "@esbuild/openbsd-x64" "0.25.12"
    "@esbuild/openharmony-arm64" "0.25.12"
    "@esbuild/sunos-x64" "0.25.12"
    "@esbuild/win32-arm64" "0.25.12"
    "@esbuild/win32-ia32" "0.25.12"
    "@esbuild/win32-x64" "0.25.12"

esbuild@^0.27.0, esbuild@~0.27.0:
  version "0.27.7"
  optionalDependencies:
    "@esbuild/aix-ppc64" "0.27.7"
    "@esbuild/android-arm" "0.27.7"
    "@esbuild/android-arm64" "0.27.7"
    "@esbuild/android-x64" "0.27.7"
    "@esbuild/darwin-arm64" "0.27.7"
    "@esbuild/darwin-x64" "0.27.7"
    "@esbuild/freebsd-arm64" "0.27.7"
    "@esbuild/freebsd-x64" "0.27.7"
    "@esbuild/linux-arm" "0.27.7"
    "@esbuild/linux-arm64" "0.27.7"
    "@esbuild/linux-ia32" "0.27.7"
    "@esbuild/linux-loong64" "0.27.7"
    "@esbuild/linux-mips64el" "0.27.7"
    "@esbuild/linux-ppc64" "0.27.7"
    "@esbuild/linux-riscv64" "0.27.7"
    "@esbuild/linux-s390x" "0.27.7"
    "@esbuild/linux-x64" "0.27.7"
    "@esbuild/netbsd-arm64" "0.27.7"
    "@esbuild/netbsd-x64" "0.27.7"
    "@esbuild/openbsd-arm64" "0.27.7"
    "@esbuild/openbsd-x64" "0.27.7"
    "@esbuild/openharmony-arm64" "0.27.7"
    "@esbuild/sunos-x64" "0.27.7"
    "@esbuild/win32-arm64" "0.27.7"
    "@esbuild/win32-ia32" "0.27.7"
    "@esbuild/win32-x64" "0.27.7"

esbuild@~0.18.20:
  version "0.18.20"
  optionalDependencies:
    "@esbuild/android-arm" "0.18.20"
    "@esbuild/android-arm64" "0.18.20"
    "@esbuild/android-x64" "0.18.20"
    "@esbuild/darwin-arm64" "0.18.20"
    "@esbuild/darwin-x64" "0.18.20"
    "@esbuild/freebsd-arm64" "0.18.20"
    "@esbuild/freebsd-x64" "0.18.20"
    "@esbuild/linux-arm" "0.18.20"
    "@esbuild/linux-arm64" "0.18.20"
    "@esbuild/linux-ia32" "0.18.20"
    "@esbuild/linux-loong64" "0.18.20"
    "@esbuild/linux-mips64el" "0.18.20"
    "@esbuild/linux-ppc64" "0.18.20"
    "@esbuild/linux-riscv64" "0.18.20"
    "@esbuild/linux-s390x" "0.18.20"
    "@esbuild/linux-x64" "0.18.20"
    "@esbuild/netbsd-x64" "0.18.20"
    "@esbuild/openbsd-x64" "0.18.20"
    "@esbuild/sunos-x64" "0.18.20"
    "@esbuild/win32-arm64" "0.18.20"
    "@esbuild/win32-ia32" "0.18.20"
    "@esbuild/win32-x64" "0.18.20"

estree-walker@^3.0.3:
  version "3.0.3"
  dependencies:
    "@types/estree" "^1.0.0"

expand-template@^2.0.3:
  version "2.0.3"

expect-type@^1.2.1:
  version "1.3.0"

fast-content-type-parse@^3.0.0:
  version "3.0.0"

fast-string-truncated-width@^3.0.2:
  version "3.0.3"

fast-string-width@^3.0.2:
  version "3.0.2"
  dependencies:
    fast-string-truncated-width "^3.0.2"

fast-wrap-ansi@^0.2.0:
  version "0.2.0"
  dependencies:
    fast-string-width "^3.0.2"

fdir@^6.5.0:
  version "6.5.0"

file-uri-to-path@1.0.0:
  version "1.0.0"

fs-constants@^1.0.0:
  version "1.0.0"

get-tsconfig@^4.7.0, get-tsconfig@^4.7.5:
  version "4.14.0"
  dependencies:
    resolve-pkg-maps "^1.0.0"

github-from-package@0.0.0:
  version "0.0.0"

iconv-lite@^0.7.2:
  version "0.4.24"
  dependencies:
    safer-buffer ">= 2.1.2 < 3"

ieee754@^1.1.13:
  version "1.2.1"

inherits@^2.0.3, inherits@^2.0.4:
  version "2.0.4"

ini@~1.3.0:
  version "1.3.8"

js-tokens@^4.0.0:
  version "4.0.0"

js-tokens@^9.0.1:
  version "9.0.1"

js-yaml@^4.1.0:
  version "4.1.0"
  dependencies:
    argparse "^2.0.1"

json-with-bigint@^3.5.3:
  version "3.5.8"

loupe@^3.1.0, loupe@^3.1.4:
  version "3.2.1"

lz-string@^1.5.0:
  version "1.5.0"

magic-string@^0.30.17:
  version "0.30.21"
  dependencies:
    "@jridgewell/sourcemap-codec" "^1.5.5"

mimic-response@^3.1.0:
  version "3.1.0"

minimist@^1.2.0, minimist@^1.2.3:
  version "1.2.8"

mkdirp-classic@^0.5.2, mkdirp-classic@^0.5.3:
  version "0.5.3"

mrmime@^2.0.0:
  version "2.0.1"

ms@^2.1.3:
  version "2.1.3"

mute-stream@^3.0.0:
  version "3.0.0"

nanoid@^3.3.11:
  version "3.3.11"

napi-build-utils@^2.0.0:
  version "2.0.0"

node-abi@^3.3.0:
  version "3.89.0"
  dependencies:
    semver "^7.3.5"

obug@^2.0.0:
  version "2.1.1"

once@^1.3.1, once@^1.4.0:
  version "1.4.0"
  dependencies:
    wrappy "1"

pathe@^2.0.3:
  version "2.0.3"

pathval@^2.0.0:
  version "2.0.1"

picocolors@^1.1.1, picocolors@1.1.1:
  version "1.1.1"

"picomatch@^3 || ^4", picomatch@^4.0.2, picomatch@^4.0.3, picomatch@^4.0.4:
  version "4.0.4"

playwright-core@1.59.1:
  version "1.59.1"

playwright@*, playwright@^1.55.0, playwright@^1.57.0:
  version "1.59.1"
  dependencies:
    playwright-core "1.59.1"
  optionalDependencies:
    fsevents "2.3.2"

postcss@^8.5.6:
  version "8.5.10"
  dependencies:
    nanoid "^3.3.11"
    picocolors "^1.1.1"
    source-map-js "^1.2.1"

prebuild-install@^7.1.1:
  version "7.1.3"
  dependencies:
    detect-libc "^2.0.0"
    expand-template "^2.0.3"
    github-from-package "0.0.0"
    minimist "^1.2.3"
    mkdirp-classic "^0.5.3"
    napi-build-utils "^2.0.0"
    node-abi "^3.3.0"
    pump "^3.0.0"
    rc "^1.2.7"
    simple-get "^4.0.0"
    tar-fs "^2.0.0"
    tunnel-agent "^0.6.0"

pretty-format@^27.0.2:
  version "27.5.1"
  dependencies:
    ansi-regex "^5.0.1"
    ansi-styles "^5.0.0"
    react-is "^17.0.1"

pump@^3.0.0:
  version "3.0.4"
  dependencies:
    end-of-stream "^1.1.0"
    once "^1.3.1"

rc@^1.2.7:
  version "1.2.8"
  dependencies:
    deep-extend "^0.6.0"
    ini "~1.3.0"
    minimist "^1.2.0"
    strip-json-comments "~2.0.1"

react-is@^17.0.1:
  version "17.0.2"

readable-stream@^3.1.1, readable-stream@^3.4.0:
  version "3.6.2"
  dependencies:
    inherits "^2.0.3"
    string_decoder "^1.1.1"
    util-deprecate "^1.0.1"

resolve-pkg-maps@^1.0.0:
  version "1.0.0"

rollup@^4.43.0:
  version "4.60.1"
  dependencies:
    "@types/estree" "1.0.8"
  optionalDependencies:
    "@rollup/rollup-android-arm-eabi" "4.60.1"
    "@rollup/rollup-android-arm64" "4.60.1"
    "@rollup/rollup-darwin-arm64" "4.60.1"
    "@rollup/rollup-darwin-x64" "4.60.1"
    "@rollup/rollup-freebsd-arm64" "4.60.1"
    "@rollup/rollup-freebsd-x64" "4.60.1"
    "@rollup/rollup-linux-arm-gnueabihf" "4.60.1"
    "@rollup/rollup-linux-arm-musleabihf" "4.60.1"
    "@rollup/rollup-linux-arm64-gnu" "4.60.1"
    "@rollup/rollup-linux-arm64-musl" "4.60.1"
    "@rollup/rollup-linux-loong64-gnu" "4.60.1"
    "@rollup/rollup-linux-loong64-musl" "4.60.1"
    "@rollup/rollup-linux-ppc64-gnu" "4.60.1"
    "@rollup/rollup-linux-ppc64-musl" "4.60.1"
    "@rollup/rollup-linux-riscv64-gnu" "4.60.1"
    "@rollup/rollup-linux-riscv64-musl" "4.60.1"
    "@rollup/rollup-linux-s390x-gnu" "4.60.1"
    "@rollup/rollup-linux-x64-gnu" "4.60.1"
    "@rollup/rollup-linux-x64-musl" "4.60.1"
    "@rollup/rollup-openbsd-x64" "4.60.1"
    "@rollup/rollup-openharmony-arm64" "4.60.1"
    "@rollup/rollup-win32-arm64-msvc" "4.60.1"
    "@rollup/rollup-win32-ia32-msvc" "4.60.1"
    "@rollup/rollup-win32-x64-gnu" "4.60.1"
    "@rollup/rollup-win32-x64-msvc" "4.60.1"
    fsevents "~2.3.2"

safe-buffer@^5.0.1, safe-buffer@~5.2.0:
  version "5.2.1"

"safer-buffer@>= 2.1.2 < 3":
  version "2.1.2"

semver@^7.3.5, semver@^7.7.3:
  version "7.7.4"

siginfo@^2.0.0:
  version "2.0.0"

signal-exit@^4.1.0:
  version "4.1.0"

simple-concat@^1.0.0:
  version "1.0.1"

simple-get@^4.0.0:
  version "4.0.1"
  dependencies:
    decompress-response "^6.0.0"
    once "^1.3.1"
    simple-concat "^1.0.0"

sirv@^3.0.1:
  version "3.0.2"
  dependencies:
    "@polka/url" "^1.0.0-next.24"
    mrmime "^2.0.0"
    totalist "^3.0.0"

source-map-js@^1.2.1:
  version "1.2.1"

source-map-support@^0.5.21:
  version "0.5.21"
  dependencies:
    buffer-from "^1.0.0"
    source-map "^0.6.0"

source-map@^0.6.0:
  version "0.6.1"

stackback@0.0.2:
  version "0.0.2"

std-env@^3.9.0:
  version "3.10.0"

string_decoder@^1.1.1:
  version "1.3.0"
  dependencies:
    safe-buffer "~5.2.0"

strip-json-comments@~2.0.1:
  version "2.0.1"

strip-literal@^3.0.0:
  version "3.1.0"
  dependencies:
    js-tokens "^9.0.1"

tar-fs@^2.0.0:
  version "2.1.4"
  dependencies:
    chownr "^1.1.1"
    mkdirp-classic "^0.5.2"
    pump "^3.0.0"
    tar-stream "^2.1.4"

tar-stream@^2.1.4:
  version "2.2.0"
  dependencies:
    bl "^4.0.3"
    end-of-stream "^1.4.1"
    fs-constants "^1.0.0"
    inherits "^2.0.3"
    readable-stream "^3.1.1"

tinybench@^2.9.0:
  version "2.9.0"

tinyexec@^0.3.2:
  version "0.3.2"

tinyglobby@^0.2.14, tinyglobby@^0.2.15:
  version "0.2.16"
  dependencies:
    fdir "^6.5.0"
    picomatch "^4.0.4"

tinypool@^1.1.1:
  version "1.1.1"

tinyrainbow@^2.0.0:
  version "2.0.0"

tinyspy@^4.0.3:
  version "4.0.4"

totalist@^3.0.0:
  version "3.0.1"

tslib@^2.4.0:
  version "2.8.1"

tsx@^4.21.0, tsx@^4.8.1:
  version "4.21.0"
  dependencies:
    esbuild "~0.27.0"
    get-tsconfig "^4.7.5"
  optionalDependencies:
    fsevents "~2.3.3"

tunnel-agent@^0.6.0:
  version "0.6.0"
  dependencies:
    safe-buffer "^5.0.1"

typanion@^3.14.0, typanion@^3.8.0:
  version "3.14.0"

typescript@^5.9.2:
  version "5.9.3"

undici-types@~7.16.0:
  version "7.16.0"

universal-user-agent@^7.0.0, universal-user-agent@^7.0.2:
  version "7.0.3"

util-deprecate@^1.0.1:
  version "1.0.2"

vite-node@3.2.4:
  version "3.2.4"
  dependencies:
    cac "^6.7.14"
    debug "^4.4.1"
    es-module-lexer "^1.7.0"
    pathe "^2.0.3"
    vite "^5.0.0 || ^6.0.0 || ^7.0.0-0"

"vite@^5.0.0 || ^6.0.0 || ^7.0.0-0", vite@^7.3.2:
  version "7.3.2"
  dependencies:
    esbuild "^0.27.0"
    fdir "^6.5.0"
    picomatch "^4.0.3"
    postcss "^8.5.6"
    rollup "^4.43.0"
    tinyglobby "^0.2.15"
  optionalDependencies:
    fsevents "~2.3.3"

vitest@^3.2.4, vitest@3.2.4:
  version "3.2.4"
  dependencies:
    "@types/chai" "^5.2.2"
    "@vitest/expect" "3.2.4"
    "@vitest/mocker" "3.2.4"
    "@vitest/pretty-format" "^3.2.4"
    "@vitest/runner" "3.2.4"
    "@vitest/snapshot" "3.2.4"
    "@vitest/spy" "3.2.4"
    "@vitest/utils" "3.2.4"
    chai "^5.2.0"
    debug "^4.4.1"
    expect-type "^1.2.1"
    magic-string "^0.30.17"
    pathe "^2.0.3"
    picomatch "^4.0.2"
    std-env "^3.9.0"
    tinybench "^2.9.0"
    tinyexec "^0.3.2"
    tinyglobby "^0.2.14"
    tinypool "^1.1.1"
    tinyrainbow "^2.0.0"
    vite "^5.0.0 || ^6.0.0 || ^7.0.0-0"
    vite-node "3.2.4"
    why-is-node-running "^2.3.0"

why-is-node-running@^2.3.0:
  version "2.3.0"
  dependencies:
    siginfo "^2.0.0"
    stackback "0.0.2"

wrappy@1:
  version "1.0.2"

ws@^8.18.2:
  version "8.20.0"
